
Microsoft Visual Studio Solution File, Format Version 12.00
# Visual Studio 15
VisualStudioVersion = 15.0.26730.16
MinimumVisualStudioVersion = 10.0.40219.1
Project("{FAE04EC0-301F-11D3-BF4B-00C04F79EFBC}") = "GesturePatternViewXF.Android", "GesturePatternViewXF\GesturePatternViewXF.Android\GesturePatternViewXF.Android.csproj", "{A6AC4130-DB13-4749-99BD-6C7C4228811B}"
EndProject
Project("{FAE04EC0-301F-11D3-BF4B-00C04F79EFBC}") = "GesturePatternViewXF", "GesturePatternViewXF\GesturePatternViewXF\GesturePatternViewXF.csproj", "{8CE88D21-B3C1-4CBC-9425-5884E720329E}"
EndProject
Project("{FAE04EC0-301F-11D3-BF4B-00C04F79EFBC}") = "GesturePatternViewXF.UWP", "GesturePatternViewXF\GesturePatternViewXF.UWP\GesturePatternViewXF.UWP.csproj", "{1C361D05-C906-43A9-B58C-BD82FD8CDA32}"
EndProject
Project("{FAE04EC0-301F-11D3-BF4B-00C04F79EFBC}") = "GesturePatternViewXF.iOS", "GesturePatternViewXF\GesturePatternViewXF.iOS\GesturePatternViewXF.iOS.csproj", "{5A9D750B-9E88-41C9-9BF7-03788DDD4A06}"
EndProject
Project("{2150E333-8FDC-42A3-9474-1A3956D46DE8}") = "Solution Items", "Solution Items", "{88AAA44F-C55C-4F39-8DA2-A6894E4617EF}"
	ProjectSection(SolutionItems) = preProject
		README.md = README.md
	EndProjectSection
EndProject
Global
	GlobalSection(SolutionConfigurationPlatforms) = preSolution
		Ad-Hoc|Any CPU = Ad-Hoc|Any CPU
		Ad-Hoc|ARM = Ad-Hoc|ARM
		Ad-Hoc|iPhone = Ad-Hoc|iPhone
		Ad-Hoc|iPhoneSimulator = Ad-Hoc|iPhoneSimulator
		Ad-Hoc|x64 = Ad-Hoc|x64
		Ad-Hoc|x86 = Ad-Hoc|x86
		AppStore|Any CPU = AppStore|Any CPU
		AppStore|ARM = AppStore|ARM
		AppStore|iPhone = AppStore|iPhone
		AppStore|iPhoneSimulator = AppStore|iPhoneSimulator
		AppStore|x64 = AppStore|x64
		AppStore|x86 = AppStore|x86
		Debug|Any CPU = Debug|Any CPU
		Debug|ARM = Debug|ARM
		Debug|iPhone = Debug|iPhone
		Debug|iPhoneSimulator = Debug|iPhoneSimulator
		Debug|x64 = Debug|x64
		Debug|x86 = Debug|x86
		Release|Any CPU = Release|Any CPU
		Release|ARM = Release|ARM
		Release|iPhone = Release|iPhone
		Release|iPhoneSimulator = Release|iPhoneSimulator
		Release|x64 = Release|x64
		Release|x86 = Release|x86
	EndGlobalSection
	GlobalSection(ProjectConfigurationPlatforms) = postSolution
		{A6AC4130-DB13-4749-99BD-6C7C4228811B}.Ad-Hoc|Any CPU.ActiveCfg = Release|Any CPU
		{A6AC4130-DB13-4749-99BD-6C7C4228811B}.Ad-Hoc|Any CPU.Build.0 = Release|Any CPU
		{A6AC4130-DB13-4749-99BD-6C7C4228811B}.Ad-Hoc|Any CPU.Deploy.0 = Release|Any CPU
		{A6AC4130-DB13-4749-99BD-6C7C4228811B}.Ad-Hoc|ARM.ActiveCfg = Release|Any CPU
		{A6AC4130-DB13-4749-99BD-6C7C4228811B}.Ad-Hoc|ARM.Build.0 = Release|Any CPU
		{A6AC4130-DB13-4749-99BD-6C7C4228811B}.Ad-Hoc|ARM.Deploy.0 = Release|Any CPU
		{A6AC4130-DB13-4749-99BD-6C7C4228811B}.Ad-Hoc|iPhone.ActiveCfg = Release|Any CPU
		{A6AC4130-DB13-4749-99BD-6C7C4228811B}.Ad-Hoc|iPhone.Build.0 = Release|Any CPU
		{A6AC4130-DB13-4749-99BD-6C7C4228811B}.Ad-Hoc|iPhone.Deploy.0 = Release|Any CPU
		{A6AC4130-DB13-4749-99BD-6C7C4228811B}.Ad-Hoc|iPhoneSimulator.ActiveCfg = Release|Any CPU
		{A6AC4130-DB13-4749-99BD-6C7C4228811B}.Ad-Hoc|iPhoneSimulator.Build.0 = Release|Any CPU
		{A6AC4130-DB13-4749-99BD-6C7C4228811B}.Ad-Hoc|iPhoneSimulator.Deploy.0 = Release|Any CPU
		{A6AC4130-DB13-4749-99BD-6C7C4228811B}.Ad-Hoc|x64.ActiveCfg = Release|Any CPU
		{A6AC4130-DB13-4749-99BD-6C7C4228811B}.Ad-Hoc|x64.Build.0 = Release|Any CPU
		{A6AC4130-DB13-4749-99BD-6C7C4228811B}.Ad-Hoc|x64.Deploy.0 = Release|Any CPU
		{A6AC4130-DB13-4749-99BD-6C7C4228811B}.Ad-Hoc|x86.ActiveCfg = Release|Any CPU
		{A6AC4130-DB13-4749-99BD-6C7C4228811B}.Ad-Hoc|x86.Build.0 = Release|Any CPU
		{A6AC4130-DB13-4749-99BD-6C7C4228811B}.Ad-Hoc|x86.Deploy.0 = Release|Any CPU
		{A6AC4130-DB13-4749-99BD-6C7C4228811B}.AppStore|Any CPU.ActiveCfg = Release|Any CPU
		{A6AC4130-DB13-4749-99BD-6C7C4228811B}.AppStore|Any CPU.Build.0 = Release|Any CPU
		{A6AC4130-DB13-4749-99BD-6C7C4228811B}.AppStore|Any CPU.Deploy.0 = Release|Any CPU
		{A6AC4130-DB13-4749-99BD-6C7C4228811B}.AppStore|ARM.ActiveCfg = Release|Any CPU
		{A6AC4130-DB13-4749-99BD-6C7C4228811B}.AppStore|ARM.Build.0 = Release|Any CPU
		{A6AC4130-DB13-4749-99BD-6C7C4228811B}.AppStore|ARM.Deploy.0 = Release|Any CPU
		{A6AC4130-DB13-4749-99BD-6C7C4228811B}.AppStore|iPhone.ActiveCfg = Release|Any CPU
		{A6AC4130-DB13-4749-99BD-6C7C4228811B}.AppStore|iPhone.Build.0 = Release|Any CPU
		{A6AC4130-DB13-4749-99BD-6C7C4228811B}.AppStore|iPhone.Deploy.0 = Release|Any CPU
		{A6AC4130-DB13-4749-99BD-6C7C4228811B}.AppStore|iPhoneSimulator.ActiveCfg = Release|Any CPU
		{A6AC4130-DB13-4749-99BD-6C7C4228811B}.AppStore|iPhoneSimulator.Build.0 = Release|Any CPU
		{A6AC4130-DB13-4749-99BD-6C7C4228811B}.AppStore|iPhoneSimulator.Deploy.0 = Release|Any CPU
		{A6AC4130-DB13-4749-99BD-6C7C4228811B}.AppStore|x64.ActiveCfg = Release|Any CPU
		{A6AC4130-DB13-4749-99BD-6C7C4228811B}.AppStore|x64.Build.0 = Release|Any CPU
		{A6AC4130-DB13-4749-99BD-6C7C4228811B}.AppStore|x64.Deploy.0 = Release|Any CPU
		{A6AC4130-DB13-4749-99BD-6C7C4228811B}.AppStore|x86.ActiveCfg = Release|Any CPU
		{A6AC4130-DB13-4749-99BD-6C7C4228811B}.AppStore|x86.Build.0 = Release|Any CPU
		{A6AC4130-DB13-4749-99BD-6C7C4228811B}.AppStore|x86.Deploy.0 = Release|Any CPU
		{A6AC4130-DB13-4749-99BD-6C7C4228811B}.Debug|Any CPU.ActiveCfg = Debug|Any CPU
		{A6AC4130-DB13-4749-99BD-6C7C4228811B}.Debug|Any CPU.Build.0 = Debug|Any CPU
		{A6AC4130-DB13-4749-99BD-6C7C4228811B}.Debug|Any CPU.Deploy.0 = Debug|Any CPU
		{A6AC4130-DB13-4749-99BD-6C7C4228811B}.Debug|ARM.ActiveCfg = Debug|Any CPU
		{A6AC4130-DB13-4749-99BD-6C7C4228811B}.Debug|ARM.Build.0 = Debug|Any CPU
		{A6AC4130-DB13-4749-99BD-6C7C4228811B}.Debug|ARM.Deploy.0 = Debug|Any CPU
		{A6AC4130-DB13-4749-99BD-6C7C4228811B}.Debug|iPhone.ActiveCfg = Debug|Any CPU
		{A6AC4130-DB13-4749-99BD-6C7C4228811B}.Debug|iPhone.Build.0 = Debug|Any CPU
		{A6AC4130-DB13-4749-99BD-6C7C4228811B}.Debug|iPhone.Deploy.0 = Debug|Any CPU
		{A6AC4130-DB13-4749-99BD-6C7C4228811B}.Debug|iPhoneSimulator.ActiveCfg = Debug|Any CPU
		{A6AC4130-DB13-4749-99BD-6C7C4228811B}.Debug|iPhoneSimulator.Build.0 = Debug|Any CPU
		{A6AC4130-DB13-4749-99BD-6C7C4228811B}.Debug|iPhoneSimulator.Deploy.0 = Debug|Any CPU
		{A6AC4130-DB13-4749-99BD-6C7C4228811B}.Debug|x64.ActiveCfg = Debug|Any CPU
		{A6AC4130-DB13-4749-99BD-6C7C4228811B}.Debug|x64.Build.0 = Debug|Any CPU
		{A6AC4130-DB13-4749-99BD-6C7C4228811B}.Debug|x64.Deploy.0 = Debug|Any CPU
		{A6AC4130-DB13-4749-99BD-6C7C4228811B}.Debug|x86.ActiveCfg = Debug|Any CPU
		{A6AC4130-DB13-4749-99BD-6C7C4228811B}.Debug|x86.Build.0 = Debug|Any CPU
		{A6AC4130-DB13-4749-99BD-6C7C4228811B}.Debug|x86.Deploy.0 = Debug|Any CPU
		{A6AC4130-DB13-4749-99BD-6C7C4228811B}.Release|Any CPU.ActiveCfg = Release|Any CPU
		{A6AC4130-DB13-4749-99BD-6C7C4228811B}.Release|Any CPU.Build.0 = Release|Any CPU
		{A6AC4130-DB13-4749-99BD-6C7C4228811B}.Release|Any CPU.Deploy.0 = Release|Any CPU
		{A6AC4130-DB13-4749-99BD-6C7C4228811B}.Release|ARM.ActiveCfg = Release|Any CPU
		{A6AC4130-DB13-4749-99BD-6C7C4228811B}.Release|ARM.Build.0 = Release|Any CPU
		{A6AC4130-DB13-4749-99BD-6C7C4228811B}.Release|ARM.Deploy.0 = Release|Any CPU
		{A6AC4130-DB13-4749-99BD-6C7C4228811B}.Release|iPhone.ActiveCfg = Release|Any CPU
		{A6AC4130-DB13-4749-99BD-6C7C4228811B}.Release|iPhone.Build.0 = Release|Any CPU
		{A6AC4130-DB13-4749-99BD-6C7C4228811B}.Release|iPhone.Deploy.0 = Release|Any CPU
		{A6AC4130-DB13-4749-99BD-6C7C4228811B}.Release|iPhoneSimulator.ActiveCfg = Release|Any CPU
		{A6AC4130-DB13-4749-99BD-6C7C4228811B}.Release|iPhoneSimulator.Build.0 = Release|Any CPU
		{A6AC4130-DB13-4749-99BD-6C7C4228811B}.Release|iPhoneSimulator.Deploy.0 = Release|Any CPU
		{A6AC4130-DB13-4749-99BD-6C7C4228811B}.Release|x64.ActiveCfg = Release|Any CPU
		{A6AC4130-DB13-4749-99BD-6C7C4228811B}.Release|x64.Build.0 = Release|Any CPU
		{A6AC4130-DB13-4749-99BD-6C7C4228811B}.Release|x64.Deploy.0 = Release|Any CPU
		{A6AC4130-DB13-4749-99BD-6C7C4228811B}.Release|x86.ActiveCfg = Release|Any CPU
		{A6AC4130-DB13-4749-99BD-6C7C4228811B}.Release|x86.Build.0 = Release|Any CPU
		{A6AC4130-DB13-4749-99BD-6C7C4228811B}.Release|x86.Deploy.0 = Release|Any CPU
		{8CE88D21-B3C1-4CBC-9425-5884E720329E}.Ad-Hoc|Any CPU.ActiveCfg = Release|Any CPU
		{8CE88D21-B3C1-4CBC-9425-5884E720329E}.Ad-Hoc|Any CPU.Build.0 = Release|Any CPU
		{8CE88D21-B3C1-4CBC-9425-5884E720329E}.Ad-Hoc|ARM.ActiveCfg = Release|Any CPU
		{8CE88D21-B3C1-4CBC-9425-5884E720329E}.Ad-Hoc|ARM.Build.0 = Release|Any CPU
		{8CE88D21-B3C1-4CBC-9425-5884E720329E}.Ad-Hoc|iPhone.ActiveCfg = Release|Any CPU
		{8CE88D21-B3C1-4CBC-9425-5884E720329E}.Ad-Hoc|iPhone.Build.0 = Release|Any CPU
		{8CE88D21-B3C1-4CBC-9425-5884E720329E}.Ad-Hoc|iPhoneSimulator.ActiveCfg = Release|Any CPU
		{8CE88D21-B3C1-4CBC-9425-5884E720329E}.Ad-Hoc|iPhoneSimulator.Build.0 = Release|Any CPU
		{8CE88D21-B3C1-4CBC-9425-5884E720329E}.Ad-Hoc|x64.ActiveCfg = Release|Any CPU
		{8CE88D21-B3C1-4CBC-9425-5884E720329E}.Ad-Hoc|x64.Build.0 = Release|Any CPU
		{8CE88D21-B3C1-4CBC-9425-5884E720329E}.Ad-Hoc|x86.ActiveCfg = Release|Any CPU
		{8CE88D21-B3C1-4CBC-9425-5884E720329E}.Ad-Hoc|x86.Build.0 = Release|Any CPU
		{8CE88D21-B3C1-4CBC-9425-5884E720329E}.AppStore|Any CPU.ActiveCfg = Release|Any CPU
		{8CE88D21-B3C1-4CBC-9425-5884E720329E}.AppStore|Any CPU.Build.0 = Release|Any CPU
		{8CE88D21-B3C1-4CBC-9425-5884E720329E}.AppStore|ARM.ActiveCfg = Release|Any CPU
		{8CE88D21-B3C1-4CBC-9425-5884E720329E}.AppStore|ARM.Build.0 = Release|Any CPU
		{8CE88D21-B3C1-4CBC-9425-5884E720329E}.AppStore|iPhone.ActiveCfg = Release|Any CPU
		{8CE88D21-B3C1-4CBC-9425-5884E720329E}.AppStore|iPhone.Build.0 = Release|Any CPU
		{8CE88D21-B3C1-4CBC-9425-5884E720329E}.AppStore|iPhoneSimulator.ActiveCfg = Release|Any CPU
		{8CE88D21-B3C1-4CBC-9425-5884E720329E}.AppStore|iPhoneSimulator.Build.0 = Release|Any CPU
		{8CE88D21-B3C1-4CBC-9425-5884E720329E}.AppStore|x64.ActiveCfg = Release|Any CPU
		{8CE88D21-B3C1-4CBC-9425-5884E720329E}.AppStore|x64.Build.0 = Release|Any CPU
		{8CE88D21-B3C1-4CBC-9425-5884E720329E}.AppStore|x86.ActiveCfg = Release|Any CPU
		{8CE88D21-B3C1-4CBC-9425-5884E720329E}.AppStore|x86.Build.0 = Release|Any CPU
		{8CE88D21-B3C1-4CBC-9425-5884E720329E}.Debug|Any CPU.ActiveCfg = Debug|Any CPU
		{8CE88D21-B3C1-4CBC-9425-5884E720329E}.Debug|Any CPU.Build.0 = Debug|Any CPU
		{8CE88D21-B3C1-4CBC-9425-5884E720329E}.Debug|ARM.ActiveCfg = Debug|Any CPU
		{8CE88D21-B3C1-4CBC-9425-5884E720329E}.Debug|ARM.Build.0 = Debug|Any CPU
		{8CE88D21-B3C1-4CBC-9425-5884E720329E}.Debug|iPhone.ActiveCfg = Debug|Any CPU
		{8CE88D21-B3C1-4CBC-9425-5884E720329E}.Debug|iPhone.Build.0 = Debug|Any CPU
		{8CE88D21-B3C1-4CBC-9425-5884E720329E}.Debug|iPhoneSimulator.ActiveCfg = Debug|Any CPU
		{8CE88D21-B3C1-4CBC-9425-5884E720329E}.Debug|iPhoneSimulator.Build.0 = Debug|Any CPU
		{8CE88D21-B3C1-4CBC-9425-5884E720329E}.Debug|x64.ActiveCfg = Debug|Any CPU
		{8CE88D21-B3C1-4CBC-9425-5884E720329E}.Debug|x64.Build.0 = Debug|Any CPU
		{8CE88D21-B3C1-4CBC-9425-5884E720329E}.Debug|x86.ActiveCfg = Debug|Any CPU
		{8CE88D21-B3C1-4CBC-9425-5884E720329E}.Debug|x86.Build.0 = Debug|Any CPU
		{8CE88D21-B3C1-4CBC-9425-5884E720329E}.Release|Any CPU.ActiveCfg = Release|Any CPU
		{8CE88D21-B3C1-4CBC-9425-5884E720329E}.Release|Any CPU.Build.0 = Release|Any CPU
		{8CE88D21-B3C1-4CBC-9425-5884E720329E}.Release|ARM.ActiveCfg = Release|Any CPU
		{8CE88D21-B3C1-4CBC-9425-5884E720329E}.Release|ARM.Build.0 = Release|Any CPU
		{8CE88D21-B3C1-4CBC-9425-5884E720329E}.Release|iPhone.ActiveCfg = Release|Any CPU
		{8CE88D21-B3C1-4CBC-9425-5884E720329E}.Release|iPhone.Build.0 = Release|Any CPU
		{8CE88D21-B3C1-4CBC-9425-5884E720329E}.Release|iPhoneSimulator.ActiveCfg = Release|Any CPU
		{8CE88D21-B3C1-4CBC-9425-5884E720329E}.Release|iPhoneSimulator.Build.0 = Release|Any CPU
		{8CE88D21-B3C1-4CBC-9425-5884E720329E}.Release|x64.ActiveCfg = Release|Any CPU
		{8CE88D21-B3C1-4CBC-9425-5884E720329E}.Release|x64.Build.0 = Release|Any CPU
		{8CE88D21-B3C1-4CBC-9425-5884E720329E}.Release|x86.ActiveCfg = Release|Any CPU
		{8CE88D21-B3C1-4CBC-9425-5884E720329E}.Release|x86.Build.0 = Release|Any CPU
		{1C361D05-C906-43A9-B58C-BD82FD8CDA32}.Ad-Hoc|Any CPU.ActiveCfg = Release|x86
		{1C361D05-C906-43A9-B58C-BD82FD8CDA32}.Ad-Hoc|Any CPU.Build.0 = Release|x86
		{1C361D05-C906-43A9-B58C-BD82FD8CDA32}.Ad-Hoc|Any CPU.Deploy.0 = Release|x86
		{1C361D05-C906-43A9-B58C-BD82FD8CDA32}.Ad-Hoc|ARM.ActiveCfg = Release|ARM
		{1C361D05-C906-43A9-B58C-BD82FD8CDA32}.Ad-Hoc|ARM.Build.0 = Release|ARM
		{1C361D05-C906-43A9-B58C-BD82FD8CDA32}.Ad-Hoc|ARM.Deploy.0 = Release|ARM
		{1C361D05-C906-43A9-B58C-BD82FD8CDA32}.Ad-Hoc|iPhone.ActiveCfg = Release|x86
		{1C361D05-C906-43A9-B58C-BD82FD8CDA32}.Ad-Hoc|iPhone.Build.0 = Release|x86
		{1C361D05-C906-43A9-B58C-BD82FD8CDA32}.Ad-Hoc|iPhone.Deploy.0 = Release|x86
		{1C361D05-C906-43A9-B58C-BD82FD8CDA32}.Ad-Hoc|iPhoneSimulator.ActiveCfg = Release|x86
		{1C361D05-C906-43A9-B58C-BD82FD8CDA32}.Ad-Hoc|iPhoneSimulator.Build.0 = Release|x86
		{1C361D05-C906-43A9-B58C-BD82FD8CDA32}.Ad-Hoc|iPhoneSimulator.Deploy.0 = Release|x86
		{1C361D05-C906-43A9-B58C-BD82FD8CDA32}.Ad-Hoc|x64.ActiveCfg = Release|x64
		{1C361D05-C906-43A9-B58C-BD82FD8CDA32}.Ad-Hoc|x64.Build.0 = Release|x64
		{1C361D05-C906-43A9-B58C-BD82FD8CDA32}.Ad-Hoc|x64.Deploy.0 = Release|x64
		{1C361D05-C906-43A9-B58C-BD82FD8CDA32}.Ad-Hoc|x86.ActiveCfg = Release|x86
		{1C361D05-C906-43A9-B58C-BD82FD8CDA32}.Ad-Hoc|x86.Build.0 = Release|x86
		{1C361D05-C906-43A9-B58C-BD82FD8CDA32}.Ad-Hoc|x86.Deploy.0 = Release|x86
		{1C361D05-C906-43A9-B58C-BD82FD8CDA32}.AppStore|Any CPU.ActiveCfg = Release|x86
		{1C361D05-C906-43A9-B58C-BD82FD8CDA32}.AppStore|Any CPU.Build.0 = Release|x86
		{1C361D05-C906-43A9-B58C-BD82FD8CDA32}.AppStore|Any CPU.Deploy.0 = Release|x86
		{1C361D05-C906-43A9-B58C-BD82FD8CDA32}.AppStore|ARM.ActiveCfg = Release|ARM
		{1C361D05-C906-43A9-B58C-BD82FD8CDA32}.AppStore|ARM.Build.0 = Release|ARM
		{1C361D05-C906-43A9-B58C-BD82FD8CDA32}.AppStore|ARM.Deploy.0 = Release|ARM
		{1C361D05-C906-43A9-B58C-BD82FD8CDA32}.AppStore|iPhone.ActiveCfg = Release|x86
		{1C361D05-C906-43A9-B58C-BD82FD8CDA32}.AppStore|iPhone.Build.0 = Release|x86
		{1C361D05-C906-43A9-B58C-BD82FD8CDA32}.AppStore|iPhone.Deploy.0 = Release|x86
		{1C361D05-C906-43A9-B58C-BD82FD8CDA32}.AppStore|iPhoneSimulator.ActiveCfg = Release|x86
		{1C361D05-C906-43A9-B58C-BD82FD8CDA32}.AppStore|iPhoneSimulator.Build.0 = Release|x86
		{1C361D05-C906-43A9-B58C-BD82FD8CDA32}.AppStore|iPhoneSimulator.Deploy.0 = Release|x86
		{1C361D05-C906-43A9-B58C-BD82FD8CDA32}.AppStore|x64.ActiveCfg = Release|x64
		{1C361D05-C906-43A9-B58C-BD82FD8CDA32}.AppStore|x64.Build.0 = Release|x64
		{1C361D05-C906-43A9-B58C-BD82FD8CDA32}.AppStore|x64.Deploy.0 = Release|x64
		{1C361D05-C906-43A9-B58C-BD82FD8CDA32}.AppStore|x86.ActiveCfg = Release|x86
		{1C361D05-C906-43A9-B58C-BD82FD8CDA32}.AppStore|x86.Build.0 = Release|x86
		{1C361D05-C906-43A9-B58C-BD82FD8CDA32}.AppStore|x86.Deploy.0 = Release|x86
		{1C361D05-C906-43A9-B58C-BD82FD8CDA32}.Debug|Any CPU.ActiveCfg = Debug|x86
		{1C361D05-C906-43A9-B58C-BD82FD8CDA32}.Debug|ARM.ActiveCfg = Debug|ARM
		{1C361D05-C906-43A9-B58C-BD82FD8CDA32}.Debug|ARM.Build.0 = Debug|ARM
		{1C361D05-C906-43A9-B58C-BD82FD8CDA32}.Debug|ARM.Deploy.0 = Debug|ARM
		{1C361D05-C906-43A9-B58C-BD82FD8CDA32}.Debug|iPhone.ActiveCfg = Debug|x86
		{1C361D05-C906-43A9-B58C-BD82FD8CDA32}.Debug|iPhoneSimulator.ActiveCfg = Debug|x86
		{1C361D05-C906-43A9-B58C-BD82FD8CDA32}.Debug|x64.ActiveCfg = Debug|x64
		{1C361D05-C906-43A9-B58C-BD82FD8CDA32}.Debug|x64.Build.0 = Debug|x64
		{1C361D05-C906-43A9-B58C-BD82FD8CDA32}.Debug|x64.Deploy.0 = Debug|x64
		{1C361D05-C906-43A9-B58C-BD82FD8CDA32}.Debug|x86.ActiveCfg = Debug|x86
		{1C361D05-C906-43A9-B58C-BD82FD8CDA32}.Debug|x86.Build.0 = Debug|x86
		{1C361D05-C906-43A9-B58C-BD82FD8CDA32}.Debug|x86.Deploy.0 = Debug|x86
		{1C361D05-C906-43A9-B58C-BD82FD8CDA32}.Release|Any CPU.ActiveCfg = Release|x86
		{1C361D05-C906-43A9-B58C-BD82FD8CDA32}.Release|ARM.ActiveCfg = Release|ARM
		{1C361D05-C906-43A9-B58C-BD82FD8CDA32}.Release|ARM.Build.0 = Release|ARM
		{1C361D05-C906-43A9-B58C-BD82FD8CDA32}.Release|ARM.Deploy.0 = Release|ARM
		{1C361D05-C906-43A9-B58C-BD82FD8CDA32}.Release|iPhone.ActiveCfg = Release|x86
		{1C361D05-C906-43A9-B58C-BD82FD8CDA32}.Release|iPhoneSimulator.ActiveCfg = Release|x86
		{1C361D05-C906-43A9-B58C-BD82FD8CDA32}.Release|x64.ActiveCfg = Release|x64
		{1C361D05-C906-43A9-B58C-BD82FD8CDA32}.Release|x64.Build.0 = Release|x64
		{1C361D05-C906-43A9-B58C-BD82FD8CDA32}.Release|x64.Deploy.0 = Release|x64
		{1C361D05-C906-43A9-B58C-BD82FD8CDA32}.Release|x86.ActiveCfg = Release|x86
		{1C361D05-C906-43A9-B58C-BD82FD8CDA32}.Release|x86.Build.0 = Release|x86
		{1C361D05-C906-43A9-B58C-BD82FD8CDA32}.Release|x86.Deploy.0 = Release|x86
		{5A9D750B-9E88-41C9-9BF7-03788DDD4A06}.Ad-Hoc|Any CPU.ActiveCfg = Ad-Hoc|iPhone
		{5A9D750B-9E88-41C9-9BF7-03788DDD4A06}.Ad-Hoc|ARM.ActiveCfg = Ad-Hoc|iPhone
		{5A9D750B-9E88-41C9-9BF7-03788DDD4A06}.Ad-Hoc|iPhone.ActiveCfg = Ad-Hoc|iPhone
		{5A9D750B-9E88-41C9-9BF7-03788DDD4A06}.Ad-Hoc|iPhone.Build.0 = Ad-Hoc|iPhone
		{5A9D750B-9E88-41C9-9BF7-03788DDD4A06}.Ad-Hoc|iPhoneSimulator.ActiveCfg = Ad-Hoc|iPhoneSimulator
		{5A9D750B-9E88-41C9-9BF7-03788DDD4A06}.Ad-Hoc|iPhoneSimulator.Build.0 = Ad-Hoc|iPhoneSimulator
		{5A9D750B-9E88-41C9-9BF7-03788DDD4A06}.Ad-Hoc|x64.ActiveCfg = Ad-Hoc|iPhone
		{5A9D750B-9E88-41C9-9BF7-03788DDD4A06}.Ad-Hoc|x86.ActiveCfg = Ad-Hoc|iPhone
		{5A9D750B-9E88-41C9-9BF7-03788DDD4A06}.AppStore|Any CPU.ActiveCfg = AppStore|iPhone
		{5A9D750B-9E88-41C9-9BF7-03788DDD4A06}.AppStore|ARM.ActiveCfg = AppStore|iPhone
		{5A9D750B-9E88-41C9-9BF7-03788DDD4A06}.AppStore|iPhone.ActiveCfg = AppStore|iPhone
		{5A9D750B-9E88-41C9-9BF7-03788DDD4A06}.AppStore|iPhone.Build.0 = AppStore|iPhone
		{5A9D750B-9E88-41C9-9BF7-03788DDD4A06}.AppStore|iPhoneSimulator.ActiveCfg = AppStore|iPhoneSimulator
		{5A9D750B-9E88-41C9-9BF7-03788DDD4A06}.AppStore|iPhoneSimulator.Build.0 = AppStore|iPhoneSimulator
		{5A9D750B-9E88-41C9-9BF7-03788DDD4A06}.AppStore|x64.ActiveCfg = AppStore|iPhone
		{5A9D750B-9E88-41C9-9BF7-03788DDD4A06}.AppStore|x86.ActiveCfg = AppStore|iPhone
		{5A9D750B-9E88-41C9-9BF7-03788DDD4A06}.Debug|Any CPU.ActiveCfg = Debug|iPhone
		{5A9D750B-9E88-41C9-9BF7-03788DDD4A06}.Debug|ARM.ActiveCfg = Debug|iPhone
		{5A9D750B-9E88-41C9-9BF7-03788DDD4A06}.Debug|iPhone.ActiveCfg = Debug|iPhone
		{5A9D750B-9E88-41C9-9BF7-03788DDD4A06}.Debug|iPhone.Build.0 = Debug|iPhone
		{5A9D750B-9E88-41C9-9BF7-03788DDD4A06}.Debug|iPhoneSimulator.ActiveCfg = Debug|iPhoneSimulator
		{5A9D750B-9E88-41C9-9BF7-03788DDD4A06}.Debug|iPhoneSimulator.Build.0 = Debug|iPhoneSimulator
		{5A9D750B-9E88-41C9-9BF7-03788DDD4A06}.Debug|x64.ActiveCfg = Debug|iPhone
		{5A9D750B-9E88-41C9-9BF7-03788DDD4A06}.Debug|x86.ActiveCfg = Debug|iPhone
		{5A9D750B-9E88-41C9-9BF7-03788DDD4A06}.Release|Any CPU.ActiveCfg = Release|iPhone
		{5A9D750B-9E88-41C9-9BF7-03788DDD4A06}.Release|ARM.ActiveCfg = Release|iPhone
		{5A9D750B-9E88-41C9-9BF7-03788DDD4A06}.Release|iPhone.ActiveCfg = Release|iPhone
		{5A9D750B-9E88-41C9-9BF7-03788DDD4A06}.Release|iPhone.Build.0 = Release|iPhone
		{5A9D750B-9E88-41C9-9BF7-03788DDD4A06}.Release|iPhoneSimulator.ActiveCfg = Release|iPhoneSimulator
		{5A9D750B-9E88-41C9-9BF7-03788DDD4A06}.Release|iPhoneSimulator.Build.0 = Release|iPhoneSimulator
		{5A9D750B-9E88-41C9-9BF7-03788DDD4A06}.Release|x64.ActiveCfg = Release|iPhone
		{5A9D750B-9E88-41C9-9BF7-03788DDD4A06}.Release|x86.ActiveCfg = Release|iPhone
	EndGlobalSection
	GlobalSection(SolutionProperties) = preSolution
		HideSolutionNode = FALSE
	EndGlobalSection
	GlobalSection(ExtensibilityGlobals) = postSolution
		SolutionGuid = {7C093B93-9A18-4322-A904-90005C72856B}
	EndGlobalSection
EndGlobal
